// !$*UTF8*$!
{
	archiveVersion = 1;
	classes = {
	};
	objectVersion = 51;
	objects = {

/* Begin PBXBuildFile section */
		30D4C0E7A3C8795FCF313AE7 /* Pods_Coffee_MC2.framework in Frameworks */ = {isa = PBXBuildFile; fileRef = B15F6E351730E0CE47C00E50 /* Pods_Coffee_MC2.framework */; };
		86A6B1E622DC6501003C9789 /* AppDelegate.swift in Sources */ = {isa = PBXBuildFile; fileRef = 86A6B1E522DC6501003C9789 /* AppDelegate.swift */; };
		86A6B1E822DC6501003C9789 /* ViewController.swift in Sources */ = {isa = PBXBuildFile; fileRef = 86A6B1E722DC6501003C9789 /* ViewController.swift */; };
		86A6B1EB22DC6501003C9789 /* Main.storyboard in Resources */ = {isa = PBXBuildFile; fileRef = 86A6B1E922DC6501003C9789 /* Main.storyboard */; };
		86A6B1ED22DC6504003C9789 /* Assets.xcassets in Resources */ = {isa = PBXBuildFile; fileRef = 86A6B1EC22DC6504003C9789 /* Assets.xcassets */; };
		86A6B1F022DC6504003C9789 /* LaunchScreen.storyboard in Resources */ = {isa = PBXBuildFile; fileRef = 86A6B1EE22DC6504003C9789 /* LaunchScreen.storyboard */; };
		86A6B1F822DC691A003C9789 /* CollectionViewCell.swift in Sources */ = {isa = PBXBuildFile; fileRef = 86A6B1F722DC691A003C9789 /* CollectionViewCell.swift */; };
		B0054FB522E0862500C9A58D /* ArtTutorial.swift in Sources */ = {isa = PBXBuildFile; fileRef = B0054FB422E0862500C9A58D /* ArtTutorial.swift */; };
		B0501ED522E1A6F20017396D /* tulip1.mlmodel in Sources */ = {isa = PBXBuildFile; fileRef = B0501ED422E1A6F20017396D /* tulip1.mlmodel */; };
		B0BF36A922DDF70000809C75 /* SpriteKit.framework in Frameworks */ = {isa = PBXBuildFile; fileRef = B0BF36A822DDF70000809C75 /* SpriteKit.framework */; };
		B0BF36AD22DDF79600809C75 /* ArtScene.sks in Resources */ = {isa = PBXBuildFile; fileRef = B0BF36AC22DDF79600809C75 /* ArtScene.sks */; };
		B0BF36AF22DDF84C00809C75 /* ArtController.swift in Sources */ = {isa = PBXBuildFile; fileRef = B0BF36AE22DDF84C00809C75 /* ArtController.swift */; };
/* End PBXBuildFile section */

/* Begin PBXFileReference section */
		62180007E51C231CBD394239 /* Pods-Coffee-MC2.debug.xcconfig */ = {isa = PBXFileReference; includeInIndex = 1; lastKnownFileType = text.xcconfig; name = "Pods-Coffee-MC2.debug.xcconfig"; path = "Target Support Files/Pods-Coffee-MC2/Pods-Coffee-MC2.debug.xcconfig"; sourceTree = "<group>"; };
		7ADC753988B775A819035166 /* Pods-Coffee-MC2.release.xcconfig */ = {isa = PBXFileReference; includeInIndex = 1; lastKnownFileType = text.xcconfig; name = "Pods-Coffee-MC2.release.xcconfig"; path = "Target Support Files/Pods-Coffee-MC2/Pods-Coffee-MC2.release.xcconfig"; sourceTree = "<group>"; };
		86A6B1E222DC6501003C9789 /* Coffee-MC2.app */ = {isa = PBXFileReference; explicitFileType = wrapper.application; includeInIndex = 0; path = "Coffee-MC2.app"; sourceTree = BUILT_PRODUCTS_DIR; };
		86A6B1E522DC6501003C9789 /* AppDelegate.swift */ = {isa = PBXFileReference; lastKnownFileType = sourcecode.swift; path = AppDelegate.swift; sourceTree = "<group>"; };
		86A6B1E722DC6501003C9789 /* ViewController.swift */ = {isa = PBXFileReference; lastKnownFileType = sourcecode.swift; path = ViewController.swift; sourceTree = "<group>"; };
		86A6B1EA22DC6501003C9789 /* Base */ = {isa = PBXFileReference; lastKnownFileType = file.storyboard; name = Base; path = Base.lproj/Main.storyboard; sourceTree = "<group>"; };
		86A6B1EC22DC6504003C9789 /* Assets.xcassets */ = {isa = PBXFileReference; lastKnownFileType = folder.assetcatalog; path = Assets.xcassets; sourceTree = "<group>"; };
		86A6B1EF22DC6504003C9789 /* Base */ = {isa = PBXFileReference; lastKnownFileType = file.storyboard; name = Base; path = Base.lproj/LaunchScreen.storyboard; sourceTree = "<group>"; };
		86A6B1F122DC6504003C9789 /* Info.plist */ = {isa = PBXFileReference; lastKnownFileType = text.plist.xml; path = Info.plist; sourceTree = "<group>"; };
		86A6B1F722DC691A003C9789 /* CollectionViewCell.swift */ = {isa = PBXFileReference; lastKnownFileType = sourcecode.swift; path = CollectionViewCell.swift; sourceTree = "<group>"; };
		B0054FB422E0862500C9A58D /* ArtTutorial.swift */ = {isa = PBXFileReference; fileEncoding = 4; lastKnownFileType = sourcecode.swift; path = ArtTutorial.swift; sourceTree = "<group>"; };
		B0501ED422E1A6F20017396D /* tulip1.mlmodel */ = {isa = PBXFileReference; lastKnownFileType = file.mlmodel; name = tulip1.mlmodel; path = ../../../Desktop/tulip1.mlmodel; sourceTree = "<group>"; };
		B0BF36A822DDF70000809C75 /* SpriteKit.framework */ = {isa = PBXFileReference; lastKnownFileType = wrapper.framework; name = SpriteKit.framework; path = System/Library/Frameworks/SpriteKit.framework; sourceTree = SDKROOT; };
		B0BF36AC22DDF79600809C75 /* ArtScene.sks */ = {isa = PBXFileReference; lastKnownFileType = file.sks; path = ArtScene.sks; sourceTree = "<group>"; };
		B0BF36AE22DDF84C00809C75 /* ArtController.swift */ = {isa = PBXFileReference; lastKnownFileType = sourcecode.swift; path = ArtController.swift; sourceTree = "<group>"; };
		B15F6E351730E0CE47C00E50 /* Pods_Coffee_MC2.framework */ = {isa = PBXFileReference; explicitFileType = wrapper.framework; includeInIndex = 0; path = Pods_Coffee_MC2.framework; sourceTree = BUILT_PRODUCTS_DIR; };
/* End PBXFileReference section */

/* Begin PBXFrameworksBuildPhase section */
		86A6B1DF22DC6501003C9789 /* Frameworks */ = {
			isa = PBXFrameworksBuildPhase;
			buildActionMask = 2147483647;
			files = (
				B0BF36A922DDF70000809C75 /* SpriteKit.framework in Frameworks */,
				30D4C0E7A3C8795FCF313AE7 /* Pods_Coffee_MC2.framework in Frameworks */,
			);
			runOnlyForDeploymentPostprocessing = 0;
		};
/* End PBXFrameworksBuildPhase section */

/* Begin PBXGroup section */
		50930DA786F30296FBF81F88 /* Pods */ = {
			isa = PBXGroup;
			children = (
				62180007E51C231CBD394239 /* Pods-Coffee-MC2.debug.xcconfig */,
				7ADC753988B775A819035166 /* Pods-Coffee-MC2.release.xcconfig */,
			);
			path = Pods;
			sourceTree = "<group>";
		};
		86A6B1D922DC6501003C9789 = {
			isa = PBXGroup;
			children = (
				86A6B1E422DC6501003C9789 /* Coffee-MC2 */,
				86A6B1E322DC6501003C9789 /* Products */,
				B0BF36A722DDF6FF00809C75 /* Frameworks */,
				50930DA786F30296FBF81F88 /* Pods */,
			);
			sourceTree = "<group>";
		};
		86A6B1E322DC6501003C9789 /* Products */ = {
			isa = PBXGroup;
			children = (
				86A6B1E222DC6501003C9789 /* Coffee-MC2.app */,
			);
			name = Products;
			sourceTree = "<group>";
		};
		86A6B1E422DC6501003C9789 /* Coffee-MC2 */ = {
			isa = PBXGroup;
			children = (
				B0501ED422E1A6F20017396D /* tulip1.mlmodel */,
				86A6B1E522DC6501003C9789 /* AppDelegate.swift */,
				86A6B1E722DC6501003C9789 /* ViewController.swift */,
				86A6B1E922DC6501003C9789 /* Main.storyboard */,
				B0BF36AE22DDF84C00809C75 /* ArtController.swift */,
				86A6B1EC22DC6504003C9789 /* Assets.xcassets */,
				86A6B1EE22DC6504003C9789 /* LaunchScreen.storyboard */,
				86A6B1F122DC6504003C9789 /* Info.plist */,
				86A6B1F722DC691A003C9789 /* CollectionViewCell.swift */,
				B0054FB422E0862500C9A58D /* ArtTutorial.swift */,
				B0BF36AC22DDF79600809C75 /* ArtScene.sks */,
			);
			path = "Coffee-MC2";
			sourceTree = "<group>";
		};
		B0BF36A722DDF6FF00809C75 /* Frameworks */ = {
			isa = PBXGroup;
			children = (
				B0BF36A822DDF70000809C75 /* SpriteKit.framework */,
				B15F6E351730E0CE47C00E50 /* Pods_Coffee_MC2.framework */,
			);
			name = Frameworks;
			sourceTree = "<group>";
		};
/* End PBXGroup section */

/* Begin PBXNativeTarget section */
		86A6B1E122DC6501003C9789 /* Coffee-MC2 */ = {
			isa = PBXNativeTarget;
			buildConfigurationList = 86A6B1F422DC6504003C9789 /* Build configuration list for PBXNativeTarget "Coffee-MC2" */;
			buildPhases = (
				71CCC4E68C17E06DDD8D88D9 /* [CP] Check Pods Manifest.lock */,
				86A6B1DE22DC6501003C9789 /* Sources */,
				86A6B1DF22DC6501003C9789 /* Frameworks */,
				86A6B1E022DC6501003C9789 /* Resources */,
				3A3433239A6C1E81408A0CA2 /* [CP] Embed Pods Frameworks */,
			);
			buildRules = (
			);
			dependencies = (
			);
			name = "Coffee-MC2";
			productName = "Coffee-MC2";
			productReference = 86A6B1E222DC6501003C9789 /* Coffee-MC2.app */;
			productType = "com.apple.product-type.application";
		};
/* End PBXNativeTarget section */

/* Begin PBXProject section */
		86A6B1DA22DC6501003C9789 /* Project object */ = {
			isa = PBXProject;
			attributes = {
				LastSwiftUpdateCheck = 1020;
				LastUpgradeCheck = 1020;
				ORGANIZATIONNAME = "Andre Elandra";
				TargetAttributes = {
					86A6B1E122DC6501003C9789 = {
						CreatedOnToolsVersion = 10.2.1;
					};
				};
			};
			buildConfigurationList = 86A6B1DD22DC6501003C9789 /* Build configuration list for PBXProject "Coffee-MC2" */;
			compatibilityVersion = "Xcode 9.3";
			developmentRegion = en;
			hasScannedForEncodings = 0;
			knownRegions = (
				en,
				Base,
			);
			mainGroup = 86A6B1D922DC6501003C9789;
			productRefGroup = 86A6B1E322DC6501003C9789 /* Products */;
			projectDirPath = "";
			projectRoot = "";
			targets = (
				86A6B1E122DC6501003C9789 /* Coffee-MC2 */,
			);
		};
/* End PBXProject section */

/* Begin PBXResourcesBuildPhase section */
		86A6B1E022DC6501003C9789 /* Resources */ = {
			isa = PBXResourcesBuildPhase;
			buildActionMask = 2147483647;
			files = (
				B0BF36AD22DDF79600809C75 /* ArtScene.sks in Resources */,
				86A6B1F022DC6504003C9789 /* LaunchScreen.storyboard in Resources */,
				86A6B1ED22DC6504003C9789 /* Assets.xcassets in Resources */,
				86A6B1EB22DC6501003C9789 /* Main.storyboard in Resources */,
			);
			runOnlyForDeploymentPostprocessing = 0;
		};
/* End PBXResourcesBuildPhase section */

/* Begin PBXShellScriptBuildPhase section */
		3A3433239A6C1E81408A0CA2 /* [CP] Embed Pods Frameworks */ = {
			isa = PBXShellScriptBuildPhase;
			buildActionMask = 2147483647;
			files = (
			);
			inputFileListPaths = (
				"${PODS_ROOT}/Target Support Files/Pods-Coffee-MC2/Pods-Coffee-MC2-frameworks-${CONFIGURATION}-input-files.xcfilelist",
			);
			name = "[CP] Embed Pods Frameworks";
			outputFileListPaths = (
				"${PODS_ROOT}/Target Support Files/Pods-Coffee-MC2/Pods-Coffee-MC2-frameworks-${CONFIGURATION}-output-files.xcfilelist",
			);
			runOnlyForDeploymentPostprocessing = 0;
			shellPath = /bin/sh;
			shellScript = "\"${PODS_ROOT}/Target Support Files/Pods-Coffee-MC2/Pods-Coffee-MC2-frameworks.sh\"\n";
			showEnvVarsInLog = 0;
		};
		71CCC4E68C17E06DDD8D88D9 /* [CP] Check Pods Manifest.lock */ = {
			isa = PBXShellScriptBuildPhase;
			buildActionMask = 2147483647;
			files = (
			);
			inputFileListPaths = (
			);
			inputPaths = (
				"${PODS_PODFILE_DIR_PATH}/Podfile.lock",
				"${PODS_ROOT}/Manifest.lock",
			);
			name = "[CP] Check Pods Manifest.lock";
			outputFileListPaths = (
			);
			outputPaths = (
				"$(DERIVED_FILE_DIR)/Pods-Coffee-MC2-checkManifestLockResult.txt",
			);
			runOnlyForDeploymentPostprocessing = 0;
			shellPath = /bin/sh;
			shellScript = "diff \"${PODS_PODFILE_DIR_PATH}/Podfile.lock\" \"${PODS_ROOT}/Manifest.lock\" > /dev/null\nif [ $? != 0 ] ; then\n    # print error to STDERR\n    echo \"error: The sandbox is not in sync with the Podfile.lock. Run 'pod install' or update your CocoaPods installation.\" >&2\n    exit 1\nfi\n# This output is used by Xcode 'outputs' to avoid re-running this script phase.\necho \"SUCCESS\" > \"${SCRIPT_OUTPUT_FILE_0}\"\n";
			showEnvVarsInLog = 0;
		};
/* End PBXShellScriptBuildPhase section */

/* Begin PBXSourcesBuildPhase section */
		86A6B1DE22DC6501003C9789 /* Sources */ = {
			isa = PBXSourcesBuildPhase;
			buildActionMask = 2147483647;
			files = (
				B0054FB522E0862500C9A58D /* ArtTutorial.swift in Sources */,
				86A6B1E822DC6501003C9789 /* ViewController.swift in Sources */,
				86A6B1E622DC6501003C9789 /* AppDelegate.swift in Sources */,
				86A6B1F822DC691A003C9789 /* CollectionViewCell.swift in Sources */,
				B0BF36AF22DDF84C00809C75 /* ArtController.swift in Sources */,
				B0501ED522E1A6F20017396D /* tulip1.mlmodel in Sources */,
			);
			runOnlyForDeploymentPostprocessing = 0;
		};
/* End PBXSourcesBuildPhase section */

/* Begin PBXVariantGroup section */
		86A6B1E922DC6501003C9789 /* Main.storyboard */ = {
			isa = PBXVariantGroup;
			children = (
				86A6B1EA22DC6501003C9789 /* Base */,
			);
			name = Main.storyboard;
			sourceTree = "<group>";
		};
		86A6B1EE22DC6504003C9789 /* LaunchScreen.storyboard */ = {
			isa = PBXVariantGroup;
			children = (
				86A6B1EF22DC6504003C9789 /* Base */,
			);
			name = LaunchScreen.storyboard;
			sourceTree = "<group>";
		};
/* End PBXVariantGroup section */

/* Begin XCBuildConfiguration section */
		86A6B1F222DC6504003C9789 /* Debug */ = {
			isa = XCBuildConfiguration;
			buildSettings = {
				ALWAYS_SEARCH_USER_PATHS = NO;
				CLANG_ANALYZER_NONNULL = YES;
				CLANG_ANALYZER_NUMBER_OBJECT_CONVERSION = YES_AGGRESSIVE;
				CLANG_CXX_LANGUAGE_STANDARD = "gnu++14";
				CLANG_CXX_LIBRARY = "libc++";
				CLANG_ENABLE_MODULES = YES;
				CLANG_ENABLE_OBJC_ARC = YES;
				CLANG_ENABLE_OBJC_WEAK = YES;
				CLANG_WARN_BLOCK_CAPTURE_AUTORELEASING = YES;
				CLANG_WARN_BOOL_CONVERSION = YES;
				CLANG_WARN_COMMA = YES;
				CLANG_WARN_CONSTANT_CONVERSION = YES;
				CLANG_WARN_DEPRECATED_OBJC_IMPLEMENTATIONS = YES;
				CLANG_WARN_DIRECT_OBJC_ISA_USAGE = YES_ERROR;
				CLANG_WARN_DOCUMENTATION_COMMENTS = YES;
				CLANG_WARN_EMPTY_BODY = YES;
				CLANG_WARN_ENUM_CONVERSION = YES;
				CLANG_WARN_INFINITE_RECURSION = YES;
				CLANG_WARN_INT_CONVERSION = YES;
				CLANG_WARN_NON_LITERAL_NULL_CONVERSION = YES;
				CLANG_WARN_OBJC_IMPLICIT_RETAIN_SELF = YES;
				CLANG_WARN_OBJC_LITERAL_CONVERSION = YES;
				CLANG_WARN_OBJC_ROOT_CLASS = YES_ERROR;
				CLANG_WARN_RANGE_LOOP_ANALYSIS = YES;
				CLANG_WARN_STRICT_PROTOTYPES = YES;
				CLANG_WARN_SUSPICIOUS_MOVE = YES;
				CLANG_WARN_UNGUARDED_AVAILABILITY = YES_AGGRESSIVE;
				CLANG_WARN_UNREACHABLE_CODE = YES;
				CLANG_WARN__DUPLICATE_METHOD_MATCH = YES;
				CODE_SIGN_IDENTITY = "iPhone Developer";
				COPY_PHASE_STRIP = NO;
				DEBUG_INFORMATION_FORMAT = dwarf;
				ENABLE_STRICT_OBJC_MSGSEND = YES;
				ENABLE_TESTABILITY = YES;
				GCC_C_LANGUAGE_STANDARD = gnu11;
				GCC_DYNAMIC_NO_PIC = NO;
				GCC_NO_COMMON_BLOCKS = YES;
				GCC_OPTIMIZATION_LEVEL = 0;
				GCC_PREPROCESSOR_DEFINITIONS = (
					"DEBUG=1",
					"$(inherited)",
				);
				GCC_WARN_64_TO_32_BIT_CONVERSION = YES;
				GCC_WARN_ABOUT_RETURN_TYPE = YES_ERROR;
				GCC_WARN_UNDECLARED_SELECTOR = YES;
				GCC_WARN_UNINITIALIZED_AUTOS = YES_AGGRESSIVE;
				GCC_WARN_UNUSED_FUNCTION = YES;
				GCC_WARN_UNUSED_VARIABLE = YES;
				IPHONEOS_DEPLOYMENT_TARGET = 12.2;
				MTL_ENABLE_DEBUG_INFO = INCLUDE_SOURCE;
				MTL_FAST_MATH = YES;
				ONLY_ACTIVE_ARCH = YES;
				SDKROOT = iphoneos;
				SWIFT_ACTIVE_COMPILATION_CONDITIONS = DEBUG;
				SWIFT_OPTIMIZATION_LEVEL = "-Onone";
			};
			name = Debug;
		};
		86A6B1F322DC6504003C9789 /* Release */ = {
			isa = XCBuildConfiguration;
			buildSettings = {
				ALWAYS_SEARCH_USER_PATHS = NO;
				CLANG_ANALYZER_NONNULL = YES;
				CLANG_ANALYZER_NUMBER_OBJECT_CONVERSION = YES_AGGRESSIVE;
				CLANG_CXX_LANGUAGE_STANDARD = "gnu++14";
				CLANG_CXX_LIBRARY = "libc++";
				CLANG_ENABLE_MODULES = YES;
				CLANG_ENABLE_OBJC_ARC = YES;
				CLANG_ENABLE_OBJC_WEAK = YES;
				CLANG_WARN_BLOCK_CAPTURE_AUTORELEASING = YES;
				CLANG_WARN_BOOL_CONVERSION = YES;
				CLANG_WARN_COMMA = YES;
				CLANG_WARN_CONSTANT_CONVERSION = YES;
				CLANG_WARN_DEPRECATED_OBJC_IMPLEMENTATIONS = YES;
				CLANG_WARN_DIRECT_OBJC_ISA_USAGE = YES_ERROR;
				CLANG_WARN_DOCUMENTATION_COMMENTS = YES;
				CLANG_WARN_EMPTY_BODY = YES;
				CLANG_WARN_ENUM_CONVERSION = YES;
				CLANG_WARN_INFINITE_RECURSION = YES;
				CLANG_WARN_INT_CONVERSION = YES;
				CLANG_WARN_NON_LITERAL_NULL_CONVERSION = YES;
				CLANG_WARN_OBJC_IMPLICIT_RETAIN_SELF = YES;
				CLANG_WARN_OBJC_LITERAL_CONVERSION = YES;
				CLANG_WARN_OBJC_ROOT_CLASS = YES_ERROR;
				CLANG_WARN_RANGE_LOOP_ANALYSIS = YES;
				CLANG_WARN_STRICT_PROTOTYPES = YES;
				CLANG_WARN_SUSPICIOUS_MOVE = YES;
				CLANG_WARN_UNGUARDED_AVAILABILITY = YES_AGGRESSIVE;
				CLANG_WARN_UNREACHABLE_CODE = YES;
				CLANG_WARN__DUPLICATE_METHOD_MATCH = YES;
				CODE_SIGN_IDENTITY = "iPhone Developer";
				COPY_PHASE_STRIP = NO;
				DEBUG_INFORMATION_FORMAT = "dwarf-with-dsym";
				ENABLE_NS_ASSERTIONS = NO;
				ENABLE_STRICT_OBJC_MSGSEND = YES;
				GCC_C_LANGUAGE_STANDARD = gnu11;
				GCC_NO_COMMON_BLOCKS = YES;
				GCC_WARN_64_TO_32_BIT_CONVERSION = YES;
				GCC_WARN_ABOUT_RETURN_TYPE = YES_ERROR;
				GCC_WARN_UNDECLARED_SELECTOR = YES;
				GCC_WARN_UNINITIALIZED_AUTOS = YES_AGGRESSIVE;
				GCC_WARN_UNUSED_FUNCTION = YES;
				GCC_WARN_UNUSED_VARIABLE = YES;
				IPHONEOS_DEPLOYMENT_TARGET = 12.2;
				MTL_ENABLE_DEBUG_INFO = NO;
				MTL_FAST_MATH = YES;
				SDKROOT = iphoneos;
				SWIFT_COMPILATION_MODE = wholemodule;
				SWIFT_OPTIMIZATION_LEVEL = "-O";
				VALIDATE_PRODUCT = YES;
			};
			name = Release;
		};
		86A6B1F522DC6504003C9789 /* Debug */ = {
			isa = XCBuildConfiguration;
			baseConfigurationReference = 62180007E51C231CBD394239 /* Pods-Coffee-MC2.debug.xcconfig */;
			buildSettings = {
				ASSETCATALOG_COMPILER_APPICON_NAME = AppIcon;
				CODE_SIGN_STYLE = Automatic;
				DEVELOPMENT_TEAM = 8MZ5MU996K;
				INFOPLIST_FILE = "Coffee-MC2/Info.plist";
				LD_RUNPATH_SEARCH_PATHS = (
					"$(inherited)",
					"@executable_path/Frameworks",
				);
				PRODUCT_BUNDLE_IDENTIFIER = "com.andreelandra.Coffee-MC2";
				PRODUCT_NAME = "$(TARGET_NAME)";
				SWIFT_VERSION = 4.2;
				TARGETED_DEVICE_FAMILY = "1,2";
			};
			name = Debug;
		};
		86A6B1F622DC6504003C9789 /* Release */ = {
			isa = XCBuildConfiguration;
			baseConfigurationReference = 7ADC753988B775A819035166 /* Pods-Coffee-MC2.release.xcconfig */;
			buildSettings = {
				ASSETCATALOG_COMPILER_APPICON_NAME = AppIcon;
				CODE_SIGN_STYLE = Automatic;
				DEVELOPMENT_TEAM = 8MZ5MU996K;
				INFOPLIST_FILE = "Coffee-MC2/Info.plist";
				LD_RUNPATH_SEARCH_PATHS = (
					"$(inherited)",
					"@executable_path/Frameworks",
				);
				PRODUCT_BUNDLE_IDENTIFIER = "com.andreelandra.Coffee-MC2";
				PRODUCT_NAME = "$(TARGET_NAME)";
				SWIFT_VERSION = 4.2;
				TARGETED_DEVICE_FAMILY = "1,2";
			};
			name = Release;
		};
/* End XCBuildConfiguration section */

/* Begin XCConfigurationList section */
		86A6B1DD22DC6501003C9789 /* Build configuration list for PBXProject "Coffee-MC2" */ = {
			isa = XCConfigurationList;
			buildConfigurations = (
				86A6B1F222DC6504003C9789 /* Debug */,
				86A6B1F322DC6504003C9789 /* Release */,
			);
			defaultConfigurationIsVisible = 0;
			defaultConfigurationName = Release;
		};
		86A6B1F422DC6504003C9789 /* Build configuration list for PBXNativeTarget "Coffee-MC2" */ = {
			isa = XCConfigurationList;
			buildConfigurations = (
				86A6B1F522DC6504003C9789 /* Debug */,
				86A6B1F622DC6504003C9789 /* Release */,
			);
			defaultConfigurationIsVisible = 0;
			defaultConfigurationName = Release;
		};
/* End XCConfigurationList section */
	};
	rootObject = 86A6B1DA22DC6501003C9789 /* Project object */;
}
